
Microsoft Visual Studio Solution File, Format Version 12.00
# Visual Studio Version 17
VisualStudioVersion = 17.0.32112.339
MinimumVisualStudioVersion = 10.0.40219.1
Project("{FAE04EC0-301F-11D3-BF4B-00C04F79EFBC}") = "GestioneSpese_Week1Academy", "GestioneSpese_Week1Academy\GestioneSpese_Week1Academy.csproj", "{1097F881-92DA-460D-B109-C3DF475BF490}"
EndProject
Project("{FAE04EC0-301F-11D3-BF4B-00C04F79EFBC}") = "GestioneSpese_Week1Academy_FileReader", "GestioneSpese_Week1Academy_FileReader\GestioneSpese_Week1Academy_FileReader.csproj", "{98030CA7-C9DC-43A0-9003-3011AB57F1D9}"
EndProject
Project("{FAE04EC0-301F-11D3-BF4B-00C04F79EFBC}") = "GestioneSpese_Week1Academy_DesignPatterns", "GestioneSpese_Week1Academy_DesignPatterns\GestioneSpese_Week1Academy_DesignPatterns.csproj", "{431A798F-A808-4515-A871-F2C631623DFF}"
EndProject
Global
	GlobalSection(SolutionConfigurationPlatforms) = preSolution
		Debug|Any CPU = Debug|Any CPU
		Release|Any CPU = Release|Any CPU
	EndGlobalSection
	GlobalSection(ProjectConfigurationPlatforms) = postSolution
		{1097F881-92DA-460D-B109-C3DF475BF490}.Debug|Any CPU.ActiveCfg = Debug|Any CPU
		{1097F881-92DA-460D-B109-C3DF475BF490}.Debug|Any CPU.Build.0 = Debug|Any CPU
		{1097F881-92DA-460D-B109-C3DF475BF490}.Release|Any CPU.ActiveCfg = Release|Any CPU
		{1097F881-92DA-460D-B109-C3DF475BF490}.Release|Any CPU.Build.0 = Release|Any CPU
		{98030CA7-C9DC-43A0-9003-3011AB57F1D9}.Debug|Any CPU.ActiveCfg = Debug|Any CPU
		{98030CA7-C9DC-43A0-9003-3011AB57F1D9}.Debug|Any CPU.Build.0 = Debug|Any CPU
		{98030CA7-C9DC-43A0-9003-3011AB57F1D9}.Release|Any CPU.ActiveCfg = Release|Any CPU
		{98030CA7-C9DC-43A0-9003-3011AB57F1D9}.Release|Any CPU.Build.0 = Release|Any CPU
		{431A798F-A808-4515-A871-F2C631623DFF}.Debug|Any CPU.ActiveCfg = Debug|Any CPU
		{431A798F-A808-4515-A871-F2C631623DFF}.Debug|Any CPU.Build.0 = Debug|Any CPU
		{431A798F-A808-4515-A871-F2C631623DFF}.Release|Any CPU.ActiveCfg = Release|Any CPU
		{431A798F-A808-4515-A871-F2C631623DFF}.Release|Any CPU.Build.0 = Release|Any CPU
	EndGlobalSection
	GlobalSection(SolutionProperties) = preSolution
		HideSolutionNode = FALSE
	EndGlobalSection
	GlobalSection(ExtensibilityGlobals) = postSolution
		SolutionGuid = {24478FD6-C64F-41B8-B69B-21B8D76DC1B4}
	EndGlobalSection
EndGlobal
